
Microsoft Visual Studio Solution File, Format Version 12.00
# Visual Studio Version 16
VisualStudioVersion = 16.0.30503.244
MinimumVisualStudioVersion = 10.0.40219.1
Project("{FAE04EC0-301F-11D3-BF4B-00C04F79EFBC}") = "dll-IL-metadata", "dll-IL-metadata\dll-IL-metadata.csproj", "{388EF8C2-6AB9-42B2-8595-BF493DD3F8AF}"
EndProject
Project("{FAE04EC0-301F-11D3-BF4B-00C04F79EFBC}") = "BMW", "BMW\BMW.csproj", "{185D2704-350C-4473-A7F0-B6AF1E49B1A2}"
EndProject
Project("{FAE04EC0-301F-11D3-BF4B-00C04F79EFBC}") = "Benz", "Benz\Benz.csproj", "{2C6719C2-82F5-4E75-A62C-DBAB5F1FA273}"
EndProject
Global
	GlobalSection(SolutionConfigurationPlatforms) = preSolution
		Debug|Any CPU = Debug|Any CPU
		Debug|x64 = Debug|x64
		Release|Any CPU = Release|Any CPU
		Release|x64 = Release|x64
	EndGlobalSection
	GlobalSection(ProjectConfigurationPlatforms) = postSolution
		{388EF8C2-6AB9-42B2-8595-BF493DD3F8AF}.Debug|Any CPU.ActiveCfg = Debug|Any CPU
		{388EF8C2-6AB9-42B2-8595-BF493DD3F8AF}.Debug|Any CPU.Build.0 = Debug|Any CPU
		{388EF8C2-6AB9-42B2-8595-BF493DD3F8AF}.Debug|x64.ActiveCfg = Debug|x64
		{388EF8C2-6AB9-42B2-8595-BF493DD3F8AF}.Debug|x64.Build.0 = Debug|x64
		{388EF8C2-6AB9-42B2-8595-BF493DD3F8AF}.Release|Any CPU.ActiveCfg = Release|Any CPU
		{388EF8C2-6AB9-42B2-8595-BF493DD3F8AF}.Release|Any CPU.Build.0 = Release|Any CPU
		{388EF8C2-6AB9-42B2-8595-BF493DD3F8AF}.Release|x64.ActiveCfg = Release|x64
		{388EF8C2-6AB9-42B2-8595-BF493DD3F8AF}.Release|x64.Build.0 = Release|x64
		{185D2704-350C-4473-A7F0-B6AF1E49B1A2}.Debug|Any CPU.ActiveCfg = Debug|Any CPU
		{185D2704-350C-4473-A7F0-B6AF1E49B1A2}.Debug|Any CPU.Build.0 = Debug|Any CPU
		{185D2704-350C-4473-A7F0-B6AF1E49B1A2}.Debug|x64.ActiveCfg = Debug|Any CPU
		{185D2704-350C-4473-A7F0-B6AF1E49B1A2}.Debug|x64.Build.0 = Debug|Any CPU
		{185D2704-350C-4473-A7F0-B6AF1E49B1A2}.Release|Any CPU.ActiveCfg = Release|Any CPU
		{185D2704-350C-4473-A7F0-B6AF1E49B1A2}.Release|Any CPU.Build.0 = Release|Any CPU
		{185D2704-350C-4473-A7F0-B6AF1E49B1A2}.Release|x64.ActiveCfg = Release|Any CPU
		{185D2704-350C-4473-A7F0-B6AF1E49B1A2}.Release|x64.Build.0 = Release|Any CPU
		{2C6719C2-82F5-4E75-A62C-DBAB5F1FA273}.Debug|Any CPU.ActiveCfg = Debug|Any CPU
		{2C6719C2-82F5-4E75-A62C-DBAB5F1FA273}.Debug|Any CPU.Build.0 = Debug|Any CPU
		{2C6719C2-82F5-4E75-A62C-DBAB5F1FA273}.Debug|x64.ActiveCfg = Debug|Any CPU
		{2C6719C2-82F5-4E75-A62C-DBAB5F1FA273}.Debug|x64.Build.0 = Debug|Any CPU
		{2C6719C2-82F5-4E75-A62C-DBAB5F1FA273}.Release|Any CPU.ActiveCfg = Release|Any CPU
		{2C6719C2-82F5-4E75-A62C-DBAB5F1FA273}.Release|Any CPU.Build.0 = Release|Any CPU
		{2C6719C2-82F5-4E75-A62C-DBAB5F1FA273}.Release|x64.ActiveCfg = Release|Any CPU
		{2C6719C2-82F5-4E75-A62C-DBAB5F1FA273}.Release|x64.Build.0 = Release|Any CPU
	EndGlobalSection
	GlobalSection(SolutionProperties) = preSolution
		HideSolutionNode = FALSE
	EndGlobalSection
	GlobalSection(ExtensibilityGlobals) = postSolution
		SolutionGuid = {49061ADA-AE8F-42F4-97A5-0D938700234D}
	EndGlobalSection
EndGlobal
